
Microsoft Visual Studio Solution File, Format Version 12.00
# Visual Studio Version 17
VisualStudioVersion = 17.0.32112.339
MinimumVisualStudioVersion = 10.0.40219.1
Project("{FAE04EC0-301F-11D3-BF4B-00C04F79EFBC}") = "Nix.Tasks.UrlShortener", "Nix.Tasks.UrlShortener.csproj", "{E4487718-2129-4455-B159-D97B9EC807EE}"
EndProject
Global
	GlobalSection(SolutionConfigurationPlatforms) = preSolution
		Debug|Any CPU = Debug|Any CPU
		Release|Any CPU = Release|Any CPU
	EndGlobalSection
	GlobalSection(ProjectConfigurationPlatforms) = postSolution
		{E4487718-2129-4455-B159-D97B9EC807EE}.Debug|Any CPU.ActiveCfg = Debug|Any CPU
		{E4487718-2129-4455-B159-D97B9EC807EE}.Debug|Any CPU.Build.0 = Debug|Any CPU
		{E4487718-2129-4455-B159-D97B9EC807EE}.Release|Any CPU.ActiveCfg = Release|Any CPU
		{E4487718-2129-4455-B159-D97B9EC807EE}.Release|Any CPU.Build.0 = Release|Any CPU
	EndGlobalSection
	GlobalSection(SolutionProperties) = preSolution
		HideSolutionNode = FALSE
	EndGlobalSection
	GlobalSection(ExtensibilityGlobals) = postSolution
		SolutionGuid = {E7FB79FD-A599-4C49-BE78-95713BBB9C05}
	EndGlobalSection
EndGlobal
